
Microsoft Visual Studio Solution File, Format Version 12.00
# Visual Studio Version 17
VisualStudioVersion = 17.3.32922.545
MinimumVisualStudioVersion = 10.0.40219.1
Project("{FAE04EC0-301F-11D3-BF4B-00C04F79EFBC}") = "SeleniumVsBellatrixAutomatedTests", "SeleniumVsBellatrixAutomatedTests.csproj", "{A7E3AFBA-D8D2-4EA4-8F37-86BE970860A5}"
EndProject
Project("{2150E333-8FDC-42A3-9474-1A3956D46DE8}") = "BELLATRIX", "BELLATRIX", "{B357974C-703B-4351-9337-D6211B17A220}"
EndProject
Project("{9A19103F-16F7-4668-BE54-9A1E7A4F7556}") = "Bellatrix.Web", "..\BELLATRIX_GitHub\BELLATRIX\src\Bellatrix.Web\Bellatrix.Web.csproj", "{591C5C94-B187-485D-BF01-EDC9C3F5BCCE}"
EndProject
Project("{9A19103F-16F7-4668-BE54-9A1E7A4F7556}") = "Bellatrix.Core", "..\BELLATRIX_GitHub\BELLATRIX\src\Bellatrix.Core\Bellatrix.Core.csproj", "{C1F59F33-8CAD-4DEB-97D8-6BD264E3993D}"
EndProject
Project("{9A19103F-16F7-4668-BE54-9A1E7A4F7556}") = "Bellatrix.AWS", "..\BELLATRIX_GitHub\BELLATRIX\src\Bellatrix.AWS\Bellatrix.AWS.csproj", "{171CC66C-34F3-474B-8A8E-07B0256541EE}"
EndProject
Project("{9A19103F-16F7-4668-BE54-9A1E7A4F7556}") = "Bellatrix.KeyVault", "..\BELLATRIX_GitHub\BELLATRIX\src\Bellatrix.KeyVault\Bellatrix.KeyVault.csproj", "{11E3BC96-4650-42A0-8D1F-7B8C310999DE}"
EndProject
Project("{9A19103F-16F7-4668-BE54-9A1E7A4F7556}") = "Bellatrix.API", "..\BELLATRIX_GitHub\BELLATRIX\src\Bellatrix.Api\Bellatrix.API.csproj", "{880D815C-C4AF-46C2-91C6-30B8768BC233}"
EndProject
Project("{9A19103F-16F7-4668-BE54-9A1E7A4F7556}") = "Bellatrix.CognitiveServices", "..\BELLATRIX_GitHub\BELLATRIX\src\Bellatrix.CognitiveServices\Bellatrix.CognitiveServices.csproj", "{30900914-5CB1-4277-8E41-3178254CEFB9}"
EndProject
Project("{9A19103F-16F7-4668-BE54-9A1E7A4F7556}") = "Bellatrix.DynamicTestCases", "..\BELLATRIX_GitHub\BELLATRIX\src\Bellatrix.DynamicTestCases\Bellatrix.DynamicTestCases.csproj", "{FDA1541D-8580-4518-8770-2DD548A62BD1}"
EndProject
Project("{9A19103F-16F7-4668-BE54-9A1E7A4F7556}") = "Bellatrix.ImageRecognition", "..\BELLATRIX_GitHub\BELLATRIX\src\Bellatrix.ImageRecognition\Bellatrix.ImageRecognition.csproj", "{34AAD9BF-218C-4F3C-B017-70C224E6BD38}"
EndProject
Project("{9A19103F-16F7-4668-BE54-9A1E7A4F7556}") = "Bellatrix.Layout", "..\BELLATRIX_GitHub\BELLATRIX\src\Bellatrix.Layout\Bellatrix.Layout.csproj", "{999FCA5B-3E9F-4AA9-90DF-F7C4F1D884E9}"
EndProject
Project("{9A19103F-16F7-4668-BE54-9A1E7A4F7556}") = "Bellatrix.Plugins.Screenshots", "..\BELLATRIX_GitHub\BELLATRIX\src\Bellatrix.Plugins.Screenshots\Bellatrix.Plugins.Screenshots.csproj", "{B77CF128-7D96-4142-BE3F-D67B3BDB752F}"
EndProject
Project("{9A19103F-16F7-4668-BE54-9A1E7A4F7556}") = "Bellatrix.Plugins.Video", "..\BELLATRIX_GitHub\BELLATRIX\src\Bellatrix.Plugins.Video\Bellatrix.Plugins.Video.csproj", "{D54CA1EA-7957-430A-88FC-E02D456EE4C7}"
EndProject
Project("{9A19103F-16F7-4668-BE54-9A1E7A4F7556}") = "Bellatrix.Results.Allure", "..\BELLATRIX_GitHub\BELLATRIX\src\Bellatrix.Allure\Bellatrix.Results.Allure.csproj", "{D4FCA7D5-927F-4B3B-96D4-5018076C3285}"
EndProject
Project("{9A19103F-16F7-4668-BE54-9A1E7A4F7556}") = "Bellatrix.BugReporting", "..\BELLATRIX_GitHub\BELLATRIX\src\Bellatrix.BugReporting\Bellatrix.BugReporting.csproj", "{C0373D34-84BA-4AFC-B236-999D90F4EAD1}"
EndProject
Global
	GlobalSection(SolutionConfigurationPlatforms) = preSolution
		Debug|Any CPU = Debug|Any CPU
		Debug|x86 = Debug|x86
		LOCAL|Any CPU = LOCAL|Any CPU
		LOCAL|x86 = LOCAL|x86
		QA|Any CPU = QA|Any CPU
		QA|x86 = QA|x86
		Release|Any CPU = Release|Any CPU
		Release|x86 = Release|x86
		STAGE|Any CPU = STAGE|Any CPU
		STAGE|x86 = STAGE|x86
	EndGlobalSection
	GlobalSection(ProjectConfigurationPlatforms) = postSolution
		{A7E3AFBA-D8D2-4EA4-8F37-86BE970860A5}.Debug|Any CPU.ActiveCfg = Debug|Any CPU
		{A7E3AFBA-D8D2-4EA4-8F37-86BE970860A5}.Debug|Any CPU.Build.0 = Debug|Any CPU
		{A7E3AFBA-D8D2-4EA4-8F37-86BE970860A5}.Debug|x86.ActiveCfg = Debug|Any CPU
		{A7E3AFBA-D8D2-4EA4-8F37-86BE970860A5}.Debug|x86.Build.0 = Debug|Any CPU
		{A7E3AFBA-D8D2-4EA4-8F37-86BE970860A5}.LOCAL|Any CPU.ActiveCfg = Debug|Any CPU
		{A7E3AFBA-D8D2-4EA4-8F37-86BE970860A5}.LOCAL|Any CPU.Build.0 = Debug|Any CPU
		{A7E3AFBA-D8D2-4EA4-8F37-86BE970860A5}.LOCAL|x86.ActiveCfg = Debug|Any CPU
		{A7E3AFBA-D8D2-4EA4-8F37-86BE970860A5}.LOCAL|x86.Build.0 = Debug|Any CPU
		{A7E3AFBA-D8D2-4EA4-8F37-86BE970860A5}.QA|Any CPU.ActiveCfg = Debug|Any CPU
		{A7E3AFBA-D8D2-4EA4-8F37-86BE970860A5}.QA|Any CPU.Build.0 = Debug|Any CPU
		{A7E3AFBA-D8D2-4EA4-8F37-86BE970860A5}.QA|x86.ActiveCfg = Debug|Any CPU
		{A7E3AFBA-D8D2-4EA4-8F37-86BE970860A5}.QA|x86.Build.0 = Debug|Any CPU
		{A7E3AFBA-D8D2-4EA4-8F37-86BE970860A5}.Release|Any CPU.ActiveCfg = Release|Any CPU
		{A7E3AFBA-D8D2-4EA4-8F37-86BE970860A5}.Release|Any CPU.Build.0 = Release|Any CPU
		{A7E3AFBA-D8D2-4EA4-8F37-86BE970860A5}.Release|x86.ActiveCfg = Release|Any CPU
		{A7E3AFBA-D8D2-4EA4-8F37-86BE970860A5}.Release|x86.Build.0 = Release|Any CPU
		{A7E3AFBA-D8D2-4EA4-8F37-86BE970860A5}.STAGE|Any CPU.ActiveCfg = Debug|Any CPU
		{A7E3AFBA-D8D2-4EA4-8F37-86BE970860A5}.STAGE|Any CPU.Build.0 = Debug|Any CPU
		{A7E3AFBA-D8D2-4EA4-8F37-86BE970860A5}.STAGE|x86.ActiveCfg = Debug|Any CPU
		{A7E3AFBA-D8D2-4EA4-8F37-86BE970860A5}.STAGE|x86.Build.0 = Debug|Any CPU
		{591C5C94-B187-485D-BF01-EDC9C3F5BCCE}.Debug|Any CPU.ActiveCfg = DEBUG|Any CPU
		{591C5C94-B187-485D-BF01-EDC9C3F5BCCE}.Debug|Any CPU.Build.0 = DEBUG|Any CPU
		{591C5C94-B187-485D-BF01-EDC9C3F5BCCE}.Debug|x86.ActiveCfg = DEBUG|Any CPU
		{591C5C94-B187-485D-BF01-EDC9C3F5BCCE}.Debug|x86.Build.0 = DEBUG|Any CPU
		{591C5C94-B187-485D-BF01-EDC9C3F5BCCE}.LOCAL|Any CPU.ActiveCfg = LOCAL|Any CPU
		{591C5C94-B187-485D-BF01-EDC9C3F5BCCE}.LOCAL|Any CPU.Build.0 = LOCAL|Any CPU
		{591C5C94-B187-485D-BF01-EDC9C3F5BCCE}.LOCAL|x86.ActiveCfg = LOCAL|Any CPU
		{591C5C94-B187-485D-BF01-EDC9C3F5BCCE}.LOCAL|x86.Build.0 = LOCAL|Any CPU
		{591C5C94-B187-485D-BF01-EDC9C3F5BCCE}.QA|Any CPU.ActiveCfg = QA|Any CPU
		{591C5C94-B187-485D-BF01-EDC9C3F5BCCE}.QA|Any CPU.Build.0 = QA|Any CPU
		{591C5C94-B187-485D-BF01-EDC9C3F5BCCE}.QA|x86.ActiveCfg = QA|Any CPU
		{591C5C94-B187-485D-BF01-EDC9C3F5BCCE}.QA|x86.Build.0 = QA|Any CPU
		{591C5C94-B187-485D-BF01-EDC9C3F5BCCE}.Release|Any CPU.ActiveCfg = DEBUG|Any CPU
		{591C5C94-B187-485D-BF01-EDC9C3F5BCCE}.Release|Any CPU.Build.0 = DEBUG|Any CPU
		{591C5C94-B187-485D-BF01-EDC9C3F5BCCE}.Release|x86.ActiveCfg = DEBUG|Any CPU
		{591C5C94-B187-485D-BF01-EDC9C3F5BCCE}.Release|x86.Build.0 = DEBUG|Any CPU
		{591C5C94-B187-485D-BF01-EDC9C3F5BCCE}.STAGE|Any CPU.ActiveCfg = STAGE|Any CPU
		{591C5C94-B187-485D-BF01-EDC9C3F5BCCE}.STAGE|Any CPU.Build.0 = STAGE|Any CPU
		{591C5C94-B187-485D-BF01-EDC9C3F5BCCE}.STAGE|x86.ActiveCfg = STAGE|Any CPU
		{591C5C94-B187-485D-BF01-EDC9C3F5BCCE}.STAGE|x86.Build.0 = STAGE|Any CPU
		{C1F59F33-8CAD-4DEB-97D8-6BD264E3993D}.Debug|Any CPU.ActiveCfg = Debug|Any CPU
		{C1F59F33-8CAD-4DEB-97D8-6BD264E3993D}.Debug|Any CPU.Build.0 = Debug|Any CPU
		{C1F59F33-8CAD-4DEB-97D8-6BD264E3993D}.Debug|x86.ActiveCfg = Debug|Any CPU
		{C1F59F33-8CAD-4DEB-97D8-6BD264E3993D}.Debug|x86.Build.0 = Debug|Any CPU
		{C1F59F33-8CAD-4DEB-97D8-6BD264E3993D}.LOCAL|Any CPU.ActiveCfg = LOCAL|Any CPU
		{C1F59F33-8CAD-4DEB-97D8-6BD264E3993D}.LOCAL|Any CPU.Build.0 = LOCAL|Any CPU
		{C1F59F33-8CAD-4DEB-97D8-6BD264E3993D}.LOCAL|x86.ActiveCfg = LOCAL|Any CPU
		{C1F59F33-8CAD-4DEB-97D8-6BD264E3993D}.LOCAL|x86.Build.0 = LOCAL|Any CPU
		{C1F59F33-8CAD-4DEB-97D8-6BD264E3993D}.QA|Any CPU.ActiveCfg = QA|Any CPU
		{C1F59F33-8CAD-4DEB-97D8-6BD264E3993D}.QA|Any CPU.Build.0 = QA|Any CPU
		{C1F59F33-8CAD-4DEB-97D8-6BD264E3993D}.QA|x86.ActiveCfg = QA|Any CPU
		{C1F59F33-8CAD-4DEB-97D8-6BD264E3993D}.QA|x86.Build.0 = QA|Any CPU
		{C1F59F33-8CAD-4DEB-97D8-6BD264E3993D}.Release|Any CPU.ActiveCfg = Debug|Any CPU
		{C1F59F33-8CAD-4DEB-97D8-6BD264E3993D}.Release|Any CPU.Build.0 = Debug|Any CPU
		{C1F59F33-8CAD-4DEB-97D8-6BD264E3993D}.Release|x86.ActiveCfg = Debug|Any CPU
		{C1F59F33-8CAD-4DEB-97D8-6BD264E3993D}.Release|x86.Build.0 = Debug|Any CPU
		{C1F59F33-8CAD-4DEB-97D8-6BD264E3993D}.STAGE|Any CPU.ActiveCfg = STAGE|Any CPU
		{C1F59F33-8CAD-4DEB-97D8-6BD264E3993D}.STAGE|Any CPU.Build.0 = STAGE|Any CPU
		{C1F59F33-8CAD-4DEB-97D8-6BD264E3993D}.STAGE|x86.ActiveCfg = STAGE|Any CPU
		{C1F59F33-8CAD-4DEB-97D8-6BD264E3993D}.STAGE|x86.Build.0 = STAGE|Any CPU
		{171CC66C-34F3-474B-8A8E-07B0256541EE}.Debug|Any CPU.ActiveCfg = Debug|Any CPU
		{171CC66C-34F3-474B-8A8E-07B0256541EE}.Debug|Any CPU.Build.0 = Debug|Any CPU
		{171CC66C-34F3-474B-8A8E-07B0256541EE}.Debug|x86.ActiveCfg = Debug|Any CPU
		{171CC66C-34F3-474B-8A8E-07B0256541EE}.Debug|x86.Build.0 = Debug|Any CPU
		{171CC66C-34F3-474B-8A8E-07B0256541EE}.LOCAL|Any CPU.ActiveCfg = LOCAL|Any CPU
		{171CC66C-34F3-474B-8A8E-07B0256541EE}.LOCAL|Any CPU.Build.0 = LOCAL|Any CPU
		{171CC66C-34F3-474B-8A8E-07B0256541EE}.LOCAL|x86.ActiveCfg = LOCAL|Any CPU
		{171CC66C-34F3-474B-8A8E-07B0256541EE}.LOCAL|x86.Build.0 = LOCAL|Any CPU
		{171CC66C-34F3-474B-8A8E-07B0256541EE}.QA|Any CPU.ActiveCfg = QA|Any CPU
		{171CC66C-34F3-474B-8A8E-07B0256541EE}.QA|Any CPU.Build.0 = QA|Any CPU
		{171CC66C-34F3-474B-8A8E-07B0256541EE}.QA|x86.ActiveCfg = QA|Any CPU
		{171CC66C-34F3-474B-8A8E-07B0256541EE}.QA|x86.Build.0 = QA|Any CPU
		{171CC66C-34F3-474B-8A8E-07B0256541EE}.Release|Any CPU.ActiveCfg = Debug|Any CPU
		{171CC66C-34F3-474B-8A8E-07B0256541EE}.Release|Any CPU.Build.0 = Debug|Any CPU
		{171CC66C-34F3-474B-8A8E-07B0256541EE}.Release|x86.ActiveCfg = Debug|Any CPU
		{171CC66C-34F3-474B-8A8E-07B0256541EE}.Release|x86.Build.0 = Debug|Any CPU
		{171CC66C-34F3-474B-8A8E-07B0256541EE}.STAGE|Any CPU.ActiveCfg = STAGE|Any CPU
		{171CC66C-34F3-474B-8A8E-07B0256541EE}.STAGE|Any CPU.Build.0 = STAGE|Any CPU
		{171CC66C-34F3-474B-8A8E-07B0256541EE}.STAGE|x86.ActiveCfg = STAGE|Any CPU
		{171CC66C-34F3-474B-8A8E-07B0256541EE}.STAGE|x86.Build.0 = STAGE|Any CPU
		{11E3BC96-4650-42A0-8D1F-7B8C310999DE}.Debug|Any CPU.ActiveCfg = Debug|Any CPU
		{11E3BC96-4650-42A0-8D1F-7B8C310999DE}.Debug|Any CPU.Build.0 = Debug|Any CPU
		{11E3BC96-4650-42A0-8D1F-7B8C310999DE}.Debug|x86.ActiveCfg = Debug|Any CPU
		{11E3BC96-4650-42A0-8D1F-7B8C310999DE}.Debug|x86.Build.0 = Debug|Any CPU
		{11E3BC96-4650-42A0-8D1F-7B8C310999DE}.LOCAL|Any CPU.ActiveCfg = LOCAL|Any CPU
		{11E3BC96-4650-42A0-8D1F-7B8C310999DE}.LOCAL|Any CPU.Build.0 = LOCAL|Any CPU
		{11E3BC96-4650-42A0-8D1F-7B8C310999DE}.LOCAL|x86.ActiveCfg = LOCAL|Any CPU
		{11E3BC96-4650-42A0-8D1F-7B8C310999DE}.LOCAL|x86.Build.0 = LOCAL|Any CPU
		{11E3BC96-4650-42A0-8D1F-7B8C310999DE}.QA|Any CPU.ActiveCfg = QA|Any CPU
		{11E3BC96-4650-42A0-8D1F-7B8C310999DE}.QA|Any CPU.Build.0 = QA|Any CPU
		{11E3BC96-4650-42A0-8D1F-7B8C310999DE}.QA|x86.ActiveCfg = QA|Any CPU
		{11E3BC96-4650-42A0-8D1F-7B8C310999DE}.QA|x86.Build.0 = QA|Any CPU
		{11E3BC96-4650-42A0-8D1F-7B8C310999DE}.Release|Any CPU.ActiveCfg = Debug|Any CPU
		{11E3BC96-4650-42A0-8D1F-7B8C310999DE}.Release|Any CPU.Build.0 = Debug|Any CPU
		{11E3BC96-4650-42A0-8D1F-7B8C310999DE}.Release|x86.ActiveCfg = Debug|Any CPU
		{11E3BC96-4650-42A0-8D1F-7B8C310999DE}.Release|x86.Build.0 = Debug|Any CPU
		{11E3BC96-4650-42A0-8D1F-7B8C310999DE}.STAGE|Any CPU.ActiveCfg = STAGE|Any CPU
		{11E3BC96-4650-42A0-8D1F-7B8C310999DE}.STAGE|Any CPU.Build.0 = STAGE|Any CPU
		{11E3BC96-4650-42A0-8D1F-7B8C310999DE}.STAGE|x86.ActiveCfg = STAGE|Any CPU
		{11E3BC96-4650-42A0-8D1F-7B8C310999DE}.STAGE|x86.Build.0 = STAGE|Any CPU
		{880D815C-C4AF-46C2-91C6-30B8768BC233}.Debug|Any CPU.ActiveCfg = Debug|Any CPU
		{880D815C-C4AF-46C2-91C6-30B8768BC233}.Debug|Any CPU.Build.0 = Debug|Any CPU
		{880D815C-C4AF-46C2-91C6-30B8768BC233}.Debug|x86.ActiveCfg = Debug|Any CPU
		{880D815C-C4AF-46C2-91C6-30B8768BC233}.Debug|x86.Build.0 = Debug|Any CPU
		{880D815C-C4AF-46C2-91C6-30B8768BC233}.LOCAL|Any CPU.ActiveCfg = LOCAL|Any CPU
		{880D815C-C4AF-46C2-91C6-30B8768BC233}.LOCAL|Any CPU.Build.0 = LOCAL|Any CPU
		{880D815C-C4AF-46C2-91C6-30B8768BC233}.LOCAL|x86.ActiveCfg = LOCAL|Any CPU
		{880D815C-C4AF-46C2-91C6-30B8768BC233}.LOCAL|x86.Build.0 = LOCAL|Any CPU
		{880D815C-C4AF-46C2-91C6-30B8768BC233}.QA|Any CPU.ActiveCfg = QA|Any CPU
		{880D815C-C4AF-46C2-91C6-30B8768BC233}.QA|Any CPU.Build.0 = QA|Any CPU
		{880D815C-C4AF-46C2-91C6-30B8768BC233}.QA|x86.ActiveCfg = QA|Any CPU
		{880D815C-C4AF-46C2-91C6-30B8768BC233}.QA|x86.Build.0 = QA|Any CPU
		{880D815C-C4AF-46C2-91C6-30B8768BC233}.Release|Any CPU.ActiveCfg = Debug|Any CPU
		{880D815C-C4AF-46C2-91C6-30B8768BC233}.Release|Any CPU.Build.0 = Debug|Any CPU
		{880D815C-C4AF-46C2-91C6-30B8768BC233}.Release|x86.ActiveCfg = Debug|Any CPU
		{880D815C-C4AF-46C2-91C6-30B8768BC233}.Release|x86.Build.0 = Debug|Any CPU
		{880D815C-C4AF-46C2-91C6-30B8768BC233}.STAGE|Any CPU.ActiveCfg = STAGE|Any CPU
		{880D815C-C4AF-46C2-91C6-30B8768BC233}.STAGE|Any CPU.Build.0 = STAGE|Any CPU
		{880D815C-C4AF-46C2-91C6-30B8768BC233}.STAGE|x86.ActiveCfg = STAGE|Any CPU
		{880D815C-C4AF-46C2-91C6-30B8768BC233}.STAGE|x86.Build.0 = STAGE|Any CPU
		{30900914-5CB1-4277-8E41-3178254CEFB9}.Debug|Any CPU.ActiveCfg = Debug|Any CPU
		{30900914-5CB1-4277-8E41-3178254CEFB9}.Debug|Any CPU.Build.0 = Debug|Any CPU
		{30900914-5CB1-4277-8E41-3178254CEFB9}.Debug|x86.ActiveCfg = Debug|Any CPU
		{30900914-5CB1-4277-8E41-3178254CEFB9}.Debug|x86.Build.0 = Debug|Any CPU
		{30900914-5CB1-4277-8E41-3178254CEFB9}.LOCAL|Any CPU.ActiveCfg = LOCAL|Any CPU
		{30900914-5CB1-4277-8E41-3178254CEFB9}.LOCAL|Any CPU.Build.0 = LOCAL|Any CPU
		{30900914-5CB1-4277-8E41-3178254CEFB9}.LOCAL|x86.ActiveCfg = LOCAL|Any CPU
		{30900914-5CB1-4277-8E41-3178254CEFB9}.LOCAL|x86.Build.0 = LOCAL|Any CPU
		{30900914-5CB1-4277-8E41-3178254CEFB9}.QA|Any CPU.ActiveCfg = QA|Any CPU
		{30900914-5CB1-4277-8E41-3178254CEFB9}.QA|Any CPU.Build.0 = QA|Any CPU
		{30900914-5CB1-4277-8E41-3178254CEFB9}.QA|x86.ActiveCfg = QA|Any CPU
		{30900914-5CB1-4277-8E41-3178254CEFB9}.QA|x86.Build.0 = QA|Any CPU
		{30900914-5CB1-4277-8E41-3178254CEFB9}.Release|Any CPU.ActiveCfg = Debug|Any CPU
		{30900914-5CB1-4277-8E41-3178254CEFB9}.Release|Any CPU.Build.0 = Debug|Any CPU
		{30900914-5CB1-4277-8E41-3178254CEFB9}.Release|x86.ActiveCfg = Debug|Any CPU
		{30900914-5CB1-4277-8E41-3178254CEFB9}.Release|x86.Build.0 = Debug|Any CPU
		{30900914-5CB1-4277-8E41-3178254CEFB9}.STAGE|Any CPU.ActiveCfg = STAGE|Any CPU
		{30900914-5CB1-4277-8E41-3178254CEFB9}.STAGE|Any CPU.Build.0 = STAGE|Any CPU
		{30900914-5CB1-4277-8E41-3178254CEFB9}.STAGE|x86.ActiveCfg = STAGE|Any CPU
		{30900914-5CB1-4277-8E41-3178254CEFB9}.STAGE|x86.Build.0 = STAGE|Any CPU
		{FDA1541D-8580-4518-8770-2DD548A62BD1}.Debug|Any CPU.ActiveCfg = Debug|Any CPU
		{FDA1541D-8580-4518-8770-2DD548A62BD1}.Debug|Any CPU.Build.0 = Debug|Any CPU
		{FDA1541D-8580-4518-8770-2DD548A62BD1}.Debug|x86.ActiveCfg = Debug|Any CPU
		{FDA1541D-8580-4518-8770-2DD548A62BD1}.Debug|x86.Build.0 = Debug|Any CPU
		{FDA1541D-8580-4518-8770-2DD548A62BD1}.LOCAL|Any CPU.ActiveCfg = LOCAL|Any CPU
		{FDA1541D-8580-4518-8770-2DD548A62BD1}.LOCAL|Any CPU.Build.0 = LOCAL|Any CPU
		{FDA1541D-8580-4518-8770-2DD548A62BD1}.LOCAL|x86.ActiveCfg = LOCAL|Any CPU
		{FDA1541D-8580-4518-8770-2DD548A62BD1}.LOCAL|x86.Build.0 = LOCAL|Any CPU
		{FDA1541D-8580-4518-8770-2DD548A62BD1}.QA|Any CPU.ActiveCfg = QA|Any CPU
		{FDA1541D-8580-4518-8770-2DD548A62BD1}.QA|Any CPU.Build.0 = QA|Any CPU
		{FDA1541D-8580-4518-8770-2DD548A62BD1}.QA|x86.ActiveCfg = QA|Any CPU
		{FDA1541D-8580-4518-8770-2DD548A62BD1}.QA|x86.Build.0 = QA|Any CPU
		{FDA1541D-8580-4518-8770-2DD548A62BD1}.Release|Any CPU.ActiveCfg = Debug|Any CPU
		{FDA1541D-8580-4518-8770-2DD548A62BD1}.Release|Any CPU.Build.0 = Debug|Any CPU
		{FDA1541D-8580-4518-8770-2DD548A62BD1}.Release|x86.ActiveCfg = Debug|Any CPU
		{FDA1541D-8580-4518-8770-2DD548A62BD1}.Release|x86.Build.0 = Debug|Any CPU
		{FDA1541D-8580-4518-8770-2DD548A62BD1}.STAGE|Any CPU.ActiveCfg = STAGE|Any CPU
		{FDA1541D-8580-4518-8770-2DD548A62BD1}.STAGE|Any CPU.Build.0 = STAGE|Any CPU
		{FDA1541D-8580-4518-8770-2DD548A62BD1}.STAGE|x86.ActiveCfg = STAGE|Any CPU
		{FDA1541D-8580-4518-8770-2DD548A62BD1}.STAGE|x86.Build.0 = STAGE|Any CPU
		{34AAD9BF-218C-4F3C-B017-70C224E6BD38}.Debug|Any CPU.ActiveCfg = Debug|Any CPU
		{34AAD9BF-218C-4F3C-B017-70C224E6BD38}.Debug|Any CPU.Build.0 = Debug|Any CPU
		{34AAD9BF-218C-4F3C-B017-70C224E6BD38}.Debug|x86.ActiveCfg = Debug|Any CPU
		{34AAD9BF-218C-4F3C-B017-70C224E6BD38}.Debug|x86.Build.0 = Debug|Any CPU
		{34AAD9BF-218C-4F3C-B017-70C224E6BD38}.LOCAL|Any CPU.ActiveCfg = LOCAL|Any CPU
		{34AAD9BF-218C-4F3C-B017-70C224E6BD38}.LOCAL|Any CPU.Build.0 = LOCAL|Any CPU
		{34AAD9BF-218C-4F3C-B017-70C224E6BD38}.LOCAL|x86.ActiveCfg = LOCAL|Any CPU
		{34AAD9BF-218C-4F3C-B017-70C224E6BD38}.LOCAL|x86.Build.0 = LOCAL|Any CPU
		{34AAD9BF-218C-4F3C-B017-70C224E6BD38}.QA|Any CPU.ActiveCfg = QA|Any CPU
		{34AAD9BF-218C-4F3C-B017-70C224E6BD38}.QA|Any CPU.Build.0 = QA|Any CPU
		{34AAD9BF-218C-4F3C-B017-70C224E6BD38}.QA|x86.ActiveCfg = QA|Any CPU
		{34AAD9BF-218C-4F3C-B017-70C224E6BD38}.QA|x86.Build.0 = QA|Any CPU
		{34AAD9BF-218C-4F3C-B017-70C224E6BD38}.Release|Any CPU.ActiveCfg = Debug|Any CPU
		{34AAD9BF-218C-4F3C-B017-70C224E6BD38}.Release|Any CPU.Build.0 = Debug|Any CPU
		{34AAD9BF-218C-4F3C-B017-70C224E6BD38}.Release|x86.ActiveCfg = Debug|Any CPU
		{34AAD9BF-218C-4F3C-B017-70C224E6BD38}.Release|x86.Build.0 = Debug|Any CPU
		{34AAD9BF-218C-4F3C-B017-70C224E6BD38}.STAGE|Any CPU.ActiveCfg = STAGE|Any CPU
		{34AAD9BF-218C-4F3C-B017-70C224E6BD38}.STAGE|Any CPU.Build.0 = STAGE|Any CPU
		{34AAD9BF-218C-4F3C-B017-70C224E6BD38}.STAGE|x86.ActiveCfg = STAGE|Any CPU
		{34AAD9BF-218C-4F3C-B017-70C224E6BD38}.STAGE|x86.Build.0 = STAGE|Any CPU
		{999FCA5B-3E9F-4AA9-90DF-F7C4F1D884E9}.Debug|Any CPU.ActiveCfg = Debug|Any CPU
		{999FCA5B-3E9F-4AA9-90DF-F7C4F1D884E9}.Debug|Any CPU.Build.0 = Debug|Any CPU
		{999FCA5B-3E9F-4AA9-90DF-F7C4F1D884E9}.Debug|x86.ActiveCfg = Debug|Any CPU
		{999FCA5B-3E9F-4AA9-90DF-F7C4F1D884E9}.Debug|x86.Build.0 = Debug|Any CPU
		{999FCA5B-3E9F-4AA9-90DF-F7C4F1D884E9}.LOCAL|Any CPU.ActiveCfg = LOCAL|Any CPU
		{999FCA5B-3E9F-4AA9-90DF-F7C4F1D884E9}.LOCAL|Any CPU.Build.0 = LOCAL|Any CPU
		{999FCA5B-3E9F-4AA9-90DF-F7C4F1D884E9}.LOCAL|x86.ActiveCfg = LOCAL|Any CPU
		{999FCA5B-3E9F-4AA9-90DF-F7C4F1D884E9}.LOCAL|x86.Build.0 = LOCAL|Any CPU
		{999FCA5B-3E9F-4AA9-90DF-F7C4F1D884E9}.QA|Any CPU.ActiveCfg = QA|Any CPU
		{999FCA5B-3E9F-4AA9-90DF-F7C4F1D884E9}.QA|Any CPU.Build.0 = QA|Any CPU
		{999FCA5B-3E9F-4AA9-90DF-F7C4F1D884E9}.QA|x86.ActiveCfg = QA|Any CPU
		{999FCA5B-3E9F-4AA9-90DF-F7C4F1D884E9}.QA|x86.Build.0 = QA|Any CPU
		{999FCA5B-3E9F-4AA9-90DF-F7C4F1D884E9}.Release|Any CPU.ActiveCfg = Debug|Any CPU
		{999FCA5B-3E9F-4AA9-90DF-F7C4F1D884E9}.Release|Any CPU.Build.0 = Debug|Any CPU
		{999FCA5B-3E9F-4AA9-90DF-F7C4F1D884E9}.Release|x86.ActiveCfg = Debug|Any CPU
		{999FCA5B-3E9F-4AA9-90DF-F7C4F1D884E9}.Release|x86.Build.0 = Debug|Any CPU
		{999FCA5B-3E9F-4AA9-90DF-F7C4F1D884E9}.STAGE|Any CPU.ActiveCfg = STAGE|Any CPU
		{999FCA5B-3E9F-4AA9-90DF-F7C4F1D884E9}.STAGE|Any CPU.Build.0 = STAGE|Any CPU
		{999FCA5B-3E9F-4AA9-90DF-F7C4F1D884E9}.STAGE|x86.ActiveCfg = STAGE|Any CPU
		{999FCA5B-3E9F-4AA9-90DF-F7C4F1D884E9}.STAGE|x86.Build.0 = STAGE|Any CPU
		{B77CF128-7D96-4142-BE3F-D67B3BDB752F}.Debug|Any CPU.ActiveCfg = Debug|Any CPU
		{B77CF128-7D96-4142-BE3F-D67B3BDB752F}.Debug|Any CPU.Build.0 = Debug|Any CPU
		{B77CF128-7D96-4142-BE3F-D67B3BDB752F}.Debug|x86.ActiveCfg = Debug|Any CPU
		{B77CF128-7D96-4142-BE3F-D67B3BDB752F}.Debug|x86.Build.0 = Debug|Any CPU
		{B77CF128-7D96-4142-BE3F-D67B3BDB752F}.LOCAL|Any CPU.ActiveCfg = LOCAL|Any CPU
		{B77CF128-7D96-4142-BE3F-D67B3BDB752F}.LOCAL|Any CPU.Build.0 = LOCAL|Any CPU
		{B77CF128-7D96-4142-BE3F-D67B3BDB752F}.LOCAL|x86.ActiveCfg = LOCAL|Any CPU
		{B77CF128-7D96-4142-BE3F-D67B3BDB752F}.LOCAL|x86.Build.0 = LOCAL|Any CPU
		{B77CF128-7D96-4142-BE3F-D67B3BDB752F}.QA|Any CPU.ActiveCfg = QA|Any CPU
		{B77CF128-7D96-4142-BE3F-D67B3BDB752F}.QA|Any CPU.Build.0 = QA|Any CPU
		{B77CF128-7D96-4142-BE3F-D67B3BDB752F}.QA|x86.ActiveCfg = QA|Any CPU
		{B77CF128-7D96-4142-BE3F-D67B3BDB752F}.QA|x86.Build.0 = QA|Any CPU
		{B77CF128-7D96-4142-BE3F-D67B3BDB752F}.Release|Any CPU.ActiveCfg = Debug|Any CPU
		{B77CF128-7D96-4142-BE3F-D67B3BDB752F}.Release|Any CPU.Build.0 = Debug|Any CPU
		{B77CF128-7D96-4142-BE3F-D67B3BDB752F}.Release|x86.ActiveCfg = Debug|Any CPU
		{B77CF128-7D96-4142-BE3F-D67B3BDB752F}.Release|x86.Build.0 = Debug|Any CPU
		{B77CF128-7D96-4142-BE3F-D67B3BDB752F}.STAGE|Any CPU.ActiveCfg = STAGE|Any CPU
		{B77CF128-7D96-4142-BE3F-D67B3BDB752F}.STAGE|Any CPU.Build.0 = STAGE|Any CPU
		{B77CF128-7D96-4142-BE3F-D67B3BDB752F}.STAGE|x86.ActiveCfg = STAGE|Any CPU
		{B77CF128-7D96-4142-BE3F-D67B3BDB752F}.STAGE|x86.Build.0 = STAGE|Any CPU
		{D54CA1EA-7957-430A-88FC-E02D456EE4C7}.Debug|Any CPU.ActiveCfg = Debug|Any CPU
		{D54CA1EA-7957-430A-88FC-E02D456EE4C7}.Debug|Any CPU.Build.0 = Debug|Any CPU
		{D54CA1EA-7957-430A-88FC-E02D456EE4C7}.Debug|x86.ActiveCfg = Debug|Any CPU
		{D54CA1EA-7957-430A-88FC-E02D456EE4C7}.Debug|x86.Build.0 = Debug|Any CPU
		{D54CA1EA-7957-430A-88FC-E02D456EE4C7}.LOCAL|Any CPU.ActiveCfg = LOCAL|Any CPU
		{D54CA1EA-7957-430A-88FC-E02D456EE4C7}.LOCAL|Any CPU.Build.0 = LOCAL|Any CPU
		{D54CA1EA-7957-430A-88FC-E02D456EE4C7}.LOCAL|x86.ActiveCfg = LOCAL|Any CPU
		{D54CA1EA-7957-430A-88FC-E02D456EE4C7}.LOCAL|x86.Build.0 = LOCAL|Any CPU
		{D54CA1EA-7957-430A-88FC-E02D456EE4C7}.QA|Any CPU.ActiveCfg = QA|Any CPU
		{D54CA1EA-7957-430A-88FC-E02D456EE4C7}.QA|Any CPU.Build.0 = QA|Any CPU
		{D54CA1EA-7957-430A-88FC-E02D456EE4C7}.QA|x86.ActiveCfg = QA|Any CPU
		{D54CA1EA-7957-430A-88FC-E02D456EE4C7}.QA|x86.Build.0 = QA|Any CPU
		{D54CA1EA-7957-430A-88FC-E02D456EE4C7}.Release|Any CPU.ActiveCfg = Debug|Any CPU
		{D54CA1EA-7957-430A-88FC-E02D456EE4C7}.Release|Any CPU.Build.0 = Debug|Any CPU
		{D54CA1EA-7957-430A-88FC-E02D456EE4C7}.Release|x86.ActiveCfg = Debug|Any CPU
		{D54CA1EA-7957-430A-88FC-E02D456EE4C7}.Release|x86.Build.0 = Debug|Any CPU
		{D54CA1EA-7957-430A-88FC-E02D456EE4C7}.STAGE|Any CPU.ActiveCfg = STAGE|Any CPU
		{D54CA1EA-7957-430A-88FC-E02D456EE4C7}.STAGE|Any CPU.Build.0 = STAGE|Any CPU
		{D54CA1EA-7957-430A-88FC-E02D456EE4C7}.STAGE|x86.ActiveCfg = STAGE|Any CPU
		{D54CA1EA-7957-430A-88FC-E02D456EE4C7}.STAGE|x86.Build.0 = STAGE|Any CPU
		{D4FCA7D5-927F-4B3B-96D4-5018076C3285}.Debug|Any CPU.ActiveCfg = Debug|Any CPU
		{D4FCA7D5-927F-4B3B-96D4-5018076C3285}.Debug|Any CPU.Build.0 = Debug|Any CPU
		{D4FCA7D5-927F-4B3B-96D4-5018076C3285}.Debug|x86.ActiveCfg = Debug|Any CPU
		{D4FCA7D5-927F-4B3B-96D4-5018076C3285}.Debug|x86.Build.0 = Debug|Any CPU
		{D4FCA7D5-927F-4B3B-96D4-5018076C3285}.LOCAL|Any CPU.ActiveCfg = LOCAL|Any CPU
		{D4FCA7D5-927F-4B3B-96D4-5018076C3285}.LOCAL|Any CPU.Build.0 = LOCAL|Any CPU
		{D4FCA7D5-927F-4B3B-96D4-5018076C3285}.LOCAL|x86.ActiveCfg = LOCAL|Any CPU
		{D4FCA7D5-927F-4B3B-96D4-5018076C3285}.LOCAL|x86.Build.0 = LOCAL|Any CPU
		{D4FCA7D5-927F-4B3B-96D4-5018076C3285}.QA|Any CPU.ActiveCfg = QA|Any CPU
		{D4FCA7D5-927F-4B3B-96D4-5018076C3285}.QA|Any CPU.Build.0 = QA|Any CPU
		{D4FCA7D5-927F-4B3B-96D4-5018076C3285}.QA|x86.ActiveCfg = QA|Any CPU
		{D4FCA7D5-927F-4B3B-96D4-5018076C3285}.QA|x86.Build.0 = QA|Any CPU
		{D4FCA7D5-927F-4B3B-96D4-5018076C3285}.Release|Any CPU.ActiveCfg = Debug|Any CPU
		{D4FCA7D5-927F-4B3B-96D4-5018076C3285}.Release|Any CPU.Build.0 = Debug|Any CPU
		{D4FCA7D5-927F-4B3B-96D4-5018076C3285}.Release|x86.ActiveCfg = Debug|Any CPU
		{D4FCA7D5-927F-4B3B-96D4-5018076C3285}.Release|x86.Build.0 = Debug|Any CPU
		{D4FCA7D5-927F-4B3B-96D4-5018076C3285}.STAGE|Any CPU.ActiveCfg = STAGE|Any CPU
		{D4FCA7D5-927F-4B3B-96D4-5018076C3285}.STAGE|Any CPU.Build.0 = STAGE|Any CPU
		{D4FCA7D5-927F-4B3B-96D4-5018076C3285}.STAGE|x86.ActiveCfg = STAGE|Any CPU
		{D4FCA7D5-927F-4B3B-96D4-5018076C3285}.STAGE|x86.Build.0 = STAGE|Any CPU
		{C0373D34-84BA-4AFC-B236-999D90F4EAD1}.Debug|Any CPU.ActiveCfg = Debug|Any CPU
		{C0373D34-84BA-4AFC-B236-999D90F4EAD1}.Debug|Any CPU.Build.0 = Debug|Any CPU
		{C0373D34-84BA-4AFC-B236-999D90F4EAD1}.Debug|x86.ActiveCfg = Debug|Any CPU
		{C0373D34-84BA-4AFC-B236-999D90F4EAD1}.Debug|x86.Build.0 = Debug|Any CPU
		{C0373D34-84BA-4AFC-B236-999D90F4EAD1}.LOCAL|Any CPU.ActiveCfg = LOCAL|Any CPU
		{C0373D34-84BA-4AFC-B236-999D90F4EAD1}.LOCAL|Any CPU.Build.0 = LOCAL|Any CPU
		{C0373D34-84BA-4AFC-B236-999D90F4EAD1}.LOCAL|x86.ActiveCfg = LOCAL|Any CPU
		{C0373D34-84BA-4AFC-B236-999D90F4EAD1}.LOCAL|x86.Build.0 = LOCAL|Any CPU
		{C0373D34-84BA-4AFC-B236-999D90F4EAD1}.QA|Any CPU.ActiveCfg = QA|Any CPU
		{C0373D34-84BA-4AFC-B236-999D90F4EAD1}.QA|Any CPU.Build.0 = QA|Any CPU
		{C0373D34-84BA-4AFC-B236-999D90F4EAD1}.QA|x86.ActiveCfg = QA|Any CPU
		{C0373D34-84BA-4AFC-B236-999D90F4EAD1}.QA|x86.Build.0 = QA|Any CPU
		{C0373D34-84BA-4AFC-B236-999D90F4EAD1}.Release|Any CPU.ActiveCfg = Debug|Any CPU
		{C0373D34-84BA-4AFC-B236-999D90F4EAD1}.Release|Any CPU.Build.0 = Debug|Any CPU
		{C0373D34-84BA-4AFC-B236-999D90F4EAD1}.Release|x86.ActiveCfg = Debug|Any CPU
		{C0373D34-84BA-4AFC-B236-999D90F4EAD1}.Release|x86.Build.0 = Debug|Any CPU
		{C0373D34-84BA-4AFC-B236-999D90F4EAD1}.STAGE|Any CPU.ActiveCfg = STAGE|Any CPU
		{C0373D34-84BA-4AFC-B236-999D90F4EAD1}.STAGE|Any CPU.Build.0 = STAGE|Any CPU
		{C0373D34-84BA-4AFC-B236-999D90F4EAD1}.STAGE|x86.ActiveCfg = STAGE|Any CPU
		{C0373D34-84BA-4AFC-B236-999D90F4EAD1}.STAGE|x86.Build.0 = STAGE|Any CPU
	EndGlobalSection
	GlobalSection(SolutionProperties) = preSolution
		HideSolutionNode = FALSE
	EndGlobalSection
	GlobalSection(NestedProjects) = preSolution
		{591C5C94-B187-485D-BF01-EDC9C3F5BCCE} = {B357974C-703B-4351-9337-D6211B17A220}
		{C1F59F33-8CAD-4DEB-97D8-6BD264E3993D} = {B357974C-703B-4351-9337-D6211B17A220}
		{171CC66C-34F3-474B-8A8E-07B0256541EE} = {B357974C-703B-4351-9337-D6211B17A220}
		{11E3BC96-4650-42A0-8D1F-7B8C310999DE} = {B357974C-703B-4351-9337-D6211B17A220}
		{880D815C-C4AF-46C2-91C6-30B8768BC233} = {B357974C-703B-4351-9337-D6211B17A220}
		{30900914-5CB1-4277-8E41-3178254CEFB9} = {B357974C-703B-4351-9337-D6211B17A220}
		{FDA1541D-8580-4518-8770-2DD548A62BD1} = {B357974C-703B-4351-9337-D6211B17A220}
		{34AAD9BF-218C-4F3C-B017-70C224E6BD38} = {B357974C-703B-4351-9337-D6211B17A220}
		{999FCA5B-3E9F-4AA9-90DF-F7C4F1D884E9} = {B357974C-703B-4351-9337-D6211B17A220}
		{B77CF128-7D96-4142-BE3F-D67B3BDB752F} = {B357974C-703B-4351-9337-D6211B17A220}
		{D54CA1EA-7957-430A-88FC-E02D456EE4C7} = {B357974C-703B-4351-9337-D6211B17A220}
		{D4FCA7D5-927F-4B3B-96D4-5018076C3285} = {B357974C-703B-4351-9337-D6211B17A220}
		{C0373D34-84BA-4AFC-B236-999D90F4EAD1} = {B357974C-703B-4351-9337-D6211B17A220}
	EndGlobalSection
	GlobalSection(ExtensibilityGlobals) = postSolution
		SolutionGuid = {CC2C7B35-2735-42AB-879C-D310FC9B6544}
	EndGlobalSection
EndGlobal
