
Microsoft Visual Studio Solution File, Format Version 12.00
# Visual Studio Version 17
VisualStudioVersion = 17.3.32922.545
MinimumVisualStudioVersion = 10.0.40219.1
Project("{9A19103F-16F7-4668-BE54-9A1E7A4F7556}") = "SeleniumVsBellatrixAutomatedTests", "SeleniumVsBellatrixAutomatedTests.csproj", "{A7E3AFBA-D8D2-4EA4-8F37-86BE970860A5}"
EndProject
Project("{2150E333-8FDC-42A3-9474-1A3956D46DE8}") = "BELLATRIX", "BELLATRIX", "{BB84CC10-767E-4D6C-A3D9-07283AB1192A}"
EndProject
Project("{9A19103F-16F7-4668-BE54-9A1E7A4F7556}") = "Bellatrix.Core", "BELLATRIX\src\Bellatrix.Core\Bellatrix.Core.csproj", "{CF0A4E25-7C2E-46A6-AC4E-6F21F7C8B109}"
EndProject
Project("{9A19103F-16F7-4668-BE54-9A1E7A4F7556}") = "Bellatrix.API", "BELLATRIX\src\Bellatrix.Api\Bellatrix.API.csproj", "{D72F0652-1087-465A-A386-2C68DB910FAE}"
EndProject
Project("{9A19103F-16F7-4668-BE54-9A1E7A4F7556}") = "Bellatrix.Results.Allure", "BELLATRIX\src\Bellatrix.Allure\Bellatrix.Results.Allure.csproj", "{F76EE504-5999-4EDE-937B-2E2E4B4DC4F1}"
EndProject
Project("{9A19103F-16F7-4668-BE54-9A1E7A4F7556}") = "Bellatrix.AWS", "BELLATRIX\src\Bellatrix.AWS\Bellatrix.AWS.csproj", "{BB8518B8-874A-47F3-BC66-0315A68FEBF0}"
EndProject
Project("{9A19103F-16F7-4668-BE54-9A1E7A4F7556}") = "Bellatrix.BugReporting", "BELLATRIX\src\Bellatrix.BugReporting\Bellatrix.BugReporting.csproj", "{BDEED416-4251-4792-B013-01CB478F023C}"
EndProject
Project("{9A19103F-16F7-4668-BE54-9A1E7A4F7556}") = "Bellatrix.KeyVault", "BELLATRIX\src\Bellatrix.KeyVault\Bellatrix.KeyVault.csproj", "{90677E93-AC8A-4A7F-A5B8-D17FC5CA0887}"
EndProject
Project("{9A19103F-16F7-4668-BE54-9A1E7A4F7556}") = "Bellatrix.Plugins.Screenshots", "BELLATRIX\src\Bellatrix.Plugins.Screenshots\Bellatrix.Plugins.Screenshots.csproj", "{EE5D616F-4290-4D43-921C-57EFF88B2193}"
EndProject
Project("{9A19103F-16F7-4668-BE54-9A1E7A4F7556}") = "Bellatrix.Plugins.Video", "BELLATRIX\src\Bellatrix.Plugins.Video\Bellatrix.Plugins.Video.csproj", "{2EE158EE-95E0-42D9-9627-0966069F173A}"
EndProject
Project("{9A19103F-16F7-4668-BE54-9A1E7A4F7556}") = "Bellatrix.Web", "BELLATRIX\src\Bellatrix.Web\Bellatrix.Web.csproj", "{568327CA-0406-4C4A-AF9A-AC57BC21FAD2}"
EndProject
Global
	GlobalSection(SolutionConfigurationPlatforms) = preSolution
		Debug|Any CPU = Debug|Any CPU
		Debug|x86 = Debug|x86
		LOCAL|Any CPU = LOCAL|Any CPU
		LOCAL|x86 = LOCAL|x86
		QA|Any CPU = QA|Any CPU
		QA|x86 = QA|x86
		Release|Any CPU = Release|Any CPU
		Release|x86 = Release|x86
		STAGE|Any CPU = STAGE|Any CPU
		STAGE|x86 = STAGE|x86
	EndGlobalSection
	GlobalSection(ProjectConfigurationPlatforms) = postSolution
		{A7E3AFBA-D8D2-4EA4-8F37-86BE970860A5}.Debug|Any CPU.ActiveCfg = Debug|Any CPU
		{A7E3AFBA-D8D2-4EA4-8F37-86BE970860A5}.Debug|Any CPU.Build.0 = Debug|Any CPU
		{A7E3AFBA-D8D2-4EA4-8F37-86BE970860A5}.Debug|x86.ActiveCfg = Debug|Any CPU
		{A7E3AFBA-D8D2-4EA4-8F37-86BE970860A5}.Debug|x86.Build.0 = Debug|Any CPU
		{A7E3AFBA-D8D2-4EA4-8F37-86BE970860A5}.LOCAL|Any CPU.ActiveCfg = Debug|Any CPU
		{A7E3AFBA-D8D2-4EA4-8F37-86BE970860A5}.LOCAL|Any CPU.Build.0 = Debug|Any CPU
		{A7E3AFBA-D8D2-4EA4-8F37-86BE970860A5}.LOCAL|x86.ActiveCfg = Debug|Any CPU
		{A7E3AFBA-D8D2-4EA4-8F37-86BE970860A5}.LOCAL|x86.Build.0 = Debug|Any CPU
		{A7E3AFBA-D8D2-4EA4-8F37-86BE970860A5}.QA|Any CPU.ActiveCfg = Debug|Any CPU
		{A7E3AFBA-D8D2-4EA4-8F37-86BE970860A5}.QA|Any CPU.Build.0 = Debug|Any CPU
		{A7E3AFBA-D8D2-4EA4-8F37-86BE970860A5}.QA|x86.ActiveCfg = Debug|Any CPU
		{A7E3AFBA-D8D2-4EA4-8F37-86BE970860A5}.QA|x86.Build.0 = Debug|Any CPU
		{A7E3AFBA-D8D2-4EA4-8F37-86BE970860A5}.Release|Any CPU.ActiveCfg = Release|Any CPU
		{A7E3AFBA-D8D2-4EA4-8F37-86BE970860A5}.Release|Any CPU.Build.0 = Release|Any CPU
		{A7E3AFBA-D8D2-4EA4-8F37-86BE970860A5}.Release|x86.ActiveCfg = Release|Any CPU
		{A7E3AFBA-D8D2-4EA4-8F37-86BE970860A5}.Release|x86.Build.0 = Release|Any CPU
		{A7E3AFBA-D8D2-4EA4-8F37-86BE970860A5}.STAGE|Any CPU.ActiveCfg = Debug|Any CPU
		{A7E3AFBA-D8D2-4EA4-8F37-86BE970860A5}.STAGE|Any CPU.Build.0 = Debug|Any CPU
		{A7E3AFBA-D8D2-4EA4-8F37-86BE970860A5}.STAGE|x86.ActiveCfg = Debug|Any CPU
		{A7E3AFBA-D8D2-4EA4-8F37-86BE970860A5}.STAGE|x86.Build.0 = Debug|Any CPU
		{CF0A4E25-7C2E-46A6-AC4E-6F21F7C8B109}.Debug|Any CPU.ActiveCfg = Debug|Any CPU
		{CF0A4E25-7C2E-46A6-AC4E-6F21F7C8B109}.Debug|Any CPU.Build.0 = Debug|Any CPU
		{CF0A4E25-7C2E-46A6-AC4E-6F21F7C8B109}.Debug|x86.ActiveCfg = Debug|Any CPU
		{CF0A4E25-7C2E-46A6-AC4E-6F21F7C8B109}.Debug|x86.Build.0 = Debug|Any CPU
		{CF0A4E25-7C2E-46A6-AC4E-6F21F7C8B109}.LOCAL|Any CPU.ActiveCfg = LOCAL|Any CPU
		{CF0A4E25-7C2E-46A6-AC4E-6F21F7C8B109}.LOCAL|Any CPU.Build.0 = LOCAL|Any CPU
		{CF0A4E25-7C2E-46A6-AC4E-6F21F7C8B109}.LOCAL|x86.ActiveCfg = LOCAL|Any CPU
		{CF0A4E25-7C2E-46A6-AC4E-6F21F7C8B109}.LOCAL|x86.Build.0 = LOCAL|Any CPU
		{CF0A4E25-7C2E-46A6-AC4E-6F21F7C8B109}.QA|Any CPU.ActiveCfg = QA|Any CPU
		{CF0A4E25-7C2E-46A6-AC4E-6F21F7C8B109}.QA|Any CPU.Build.0 = QA|Any CPU
		{CF0A4E25-7C2E-46A6-AC4E-6F21F7C8B109}.QA|x86.ActiveCfg = QA|Any CPU
		{CF0A4E25-7C2E-46A6-AC4E-6F21F7C8B109}.QA|x86.Build.0 = QA|Any CPU
		{CF0A4E25-7C2E-46A6-AC4E-6F21F7C8B109}.Release|Any CPU.ActiveCfg = Debug|Any CPU
		{CF0A4E25-7C2E-46A6-AC4E-6F21F7C8B109}.Release|Any CPU.Build.0 = Debug|Any CPU
		{CF0A4E25-7C2E-46A6-AC4E-6F21F7C8B109}.Release|x86.ActiveCfg = Debug|Any CPU
		{CF0A4E25-7C2E-46A6-AC4E-6F21F7C8B109}.Release|x86.Build.0 = Debug|Any CPU
		{CF0A4E25-7C2E-46A6-AC4E-6F21F7C8B109}.STAGE|Any CPU.ActiveCfg = STAGE|Any CPU
		{CF0A4E25-7C2E-46A6-AC4E-6F21F7C8B109}.STAGE|Any CPU.Build.0 = STAGE|Any CPU
		{CF0A4E25-7C2E-46A6-AC4E-6F21F7C8B109}.STAGE|x86.ActiveCfg = STAGE|Any CPU
		{CF0A4E25-7C2E-46A6-AC4E-6F21F7C8B109}.STAGE|x86.Build.0 = STAGE|Any CPU
		{D72F0652-1087-465A-A386-2C68DB910FAE}.Debug|Any CPU.ActiveCfg = Debug|Any CPU
		{D72F0652-1087-465A-A386-2C68DB910FAE}.Debug|Any CPU.Build.0 = Debug|Any CPU
		{D72F0652-1087-465A-A386-2C68DB910FAE}.Debug|x86.ActiveCfg = Debug|Any CPU
		{D72F0652-1087-465A-A386-2C68DB910FAE}.Debug|x86.Build.0 = Debug|Any CPU
		{D72F0652-1087-465A-A386-2C68DB910FAE}.LOCAL|Any CPU.ActiveCfg = LOCAL|Any CPU
		{D72F0652-1087-465A-A386-2C68DB910FAE}.LOCAL|Any CPU.Build.0 = LOCAL|Any CPU
		{D72F0652-1087-465A-A386-2C68DB910FAE}.LOCAL|x86.ActiveCfg = LOCAL|Any CPU
		{D72F0652-1087-465A-A386-2C68DB910FAE}.LOCAL|x86.Build.0 = LOCAL|Any CPU
		{D72F0652-1087-465A-A386-2C68DB910FAE}.QA|Any CPU.ActiveCfg = QA|Any CPU
		{D72F0652-1087-465A-A386-2C68DB910FAE}.QA|Any CPU.Build.0 = QA|Any CPU
		{D72F0652-1087-465A-A386-2C68DB910FAE}.QA|x86.ActiveCfg = QA|Any CPU
		{D72F0652-1087-465A-A386-2C68DB910FAE}.QA|x86.Build.0 = QA|Any CPU
		{D72F0652-1087-465A-A386-2C68DB910FAE}.Release|Any CPU.ActiveCfg = Debug|Any CPU
		{D72F0652-1087-465A-A386-2C68DB910FAE}.Release|Any CPU.Build.0 = Debug|Any CPU
		{D72F0652-1087-465A-A386-2C68DB910FAE}.Release|x86.ActiveCfg = Debug|Any CPU
		{D72F0652-1087-465A-A386-2C68DB910FAE}.Release|x86.Build.0 = Debug|Any CPU
		{D72F0652-1087-465A-A386-2C68DB910FAE}.STAGE|Any CPU.ActiveCfg = STAGE|Any CPU
		{D72F0652-1087-465A-A386-2C68DB910FAE}.STAGE|Any CPU.Build.0 = STAGE|Any CPU
		{D72F0652-1087-465A-A386-2C68DB910FAE}.STAGE|x86.ActiveCfg = STAGE|Any CPU
		{D72F0652-1087-465A-A386-2C68DB910FAE}.STAGE|x86.Build.0 = STAGE|Any CPU
		{F76EE504-5999-4EDE-937B-2E2E4B4DC4F1}.Debug|Any CPU.ActiveCfg = Debug|Any CPU
		{F76EE504-5999-4EDE-937B-2E2E4B4DC4F1}.Debug|Any CPU.Build.0 = Debug|Any CPU
		{F76EE504-5999-4EDE-937B-2E2E4B4DC4F1}.Debug|x86.ActiveCfg = Debug|Any CPU
		{F76EE504-5999-4EDE-937B-2E2E4B4DC4F1}.Debug|x86.Build.0 = Debug|Any CPU
		{F76EE504-5999-4EDE-937B-2E2E4B4DC4F1}.LOCAL|Any CPU.ActiveCfg = LOCAL|Any CPU
		{F76EE504-5999-4EDE-937B-2E2E4B4DC4F1}.LOCAL|Any CPU.Build.0 = LOCAL|Any CPU
		{F76EE504-5999-4EDE-937B-2E2E4B4DC4F1}.LOCAL|x86.ActiveCfg = LOCAL|Any CPU
		{F76EE504-5999-4EDE-937B-2E2E4B4DC4F1}.LOCAL|x86.Build.0 = LOCAL|Any CPU
		{F76EE504-5999-4EDE-937B-2E2E4B4DC4F1}.QA|Any CPU.ActiveCfg = QA|Any CPU
		{F76EE504-5999-4EDE-937B-2E2E4B4DC4F1}.QA|Any CPU.Build.0 = QA|Any CPU
		{F76EE504-5999-4EDE-937B-2E2E4B4DC4F1}.QA|x86.ActiveCfg = QA|Any CPU
		{F76EE504-5999-4EDE-937B-2E2E4B4DC4F1}.QA|x86.Build.0 = QA|Any CPU
		{F76EE504-5999-4EDE-937B-2E2E4B4DC4F1}.Release|Any CPU.ActiveCfg = Debug|Any CPU
		{F76EE504-5999-4EDE-937B-2E2E4B4DC4F1}.Release|Any CPU.Build.0 = Debug|Any CPU
		{F76EE504-5999-4EDE-937B-2E2E4B4DC4F1}.Release|x86.ActiveCfg = Debug|Any CPU
		{F76EE504-5999-4EDE-937B-2E2E4B4DC4F1}.Release|x86.Build.0 = Debug|Any CPU
		{F76EE504-5999-4EDE-937B-2E2E4B4DC4F1}.STAGE|Any CPU.ActiveCfg = STAGE|Any CPU
		{F76EE504-5999-4EDE-937B-2E2E4B4DC4F1}.STAGE|Any CPU.Build.0 = STAGE|Any CPU
		{F76EE504-5999-4EDE-937B-2E2E4B4DC4F1}.STAGE|x86.ActiveCfg = STAGE|Any CPU
		{F76EE504-5999-4EDE-937B-2E2E4B4DC4F1}.STAGE|x86.Build.0 = STAGE|Any CPU
		{BB8518B8-874A-47F3-BC66-0315A68FEBF0}.Debug|Any CPU.ActiveCfg = Debug|Any CPU
		{BB8518B8-874A-47F3-BC66-0315A68FEBF0}.Debug|Any CPU.Build.0 = Debug|Any CPU
		{BB8518B8-874A-47F3-BC66-0315A68FEBF0}.Debug|x86.ActiveCfg = Debug|Any CPU
		{BB8518B8-874A-47F3-BC66-0315A68FEBF0}.Debug|x86.Build.0 = Debug|Any CPU
		{BB8518B8-874A-47F3-BC66-0315A68FEBF0}.LOCAL|Any CPU.ActiveCfg = LOCAL|Any CPU
		{BB8518B8-874A-47F3-BC66-0315A68FEBF0}.LOCAL|Any CPU.Build.0 = LOCAL|Any CPU
		{BB8518B8-874A-47F3-BC66-0315A68FEBF0}.LOCAL|x86.ActiveCfg = LOCAL|Any CPU
		{BB8518B8-874A-47F3-BC66-0315A68FEBF0}.LOCAL|x86.Build.0 = LOCAL|Any CPU
		{BB8518B8-874A-47F3-BC66-0315A68FEBF0}.QA|Any CPU.ActiveCfg = QA|Any CPU
		{BB8518B8-874A-47F3-BC66-0315A68FEBF0}.QA|Any CPU.Build.0 = QA|Any CPU
		{BB8518B8-874A-47F3-BC66-0315A68FEBF0}.QA|x86.ActiveCfg = QA|Any CPU
		{BB8518B8-874A-47F3-BC66-0315A68FEBF0}.QA|x86.Build.0 = QA|Any CPU
		{BB8518B8-874A-47F3-BC66-0315A68FEBF0}.Release|Any CPU.ActiveCfg = Debug|Any CPU
		{BB8518B8-874A-47F3-BC66-0315A68FEBF0}.Release|Any CPU.Build.0 = Debug|Any CPU
		{BB8518B8-874A-47F3-BC66-0315A68FEBF0}.Release|x86.ActiveCfg = Debug|Any CPU
		{BB8518B8-874A-47F3-BC66-0315A68FEBF0}.Release|x86.Build.0 = Debug|Any CPU
		{BB8518B8-874A-47F3-BC66-0315A68FEBF0}.STAGE|Any CPU.ActiveCfg = STAGE|Any CPU
		{BB8518B8-874A-47F3-BC66-0315A68FEBF0}.STAGE|Any CPU.Build.0 = STAGE|Any CPU
		{BB8518B8-874A-47F3-BC66-0315A68FEBF0}.STAGE|x86.ActiveCfg = STAGE|Any CPU
		{BB8518B8-874A-47F3-BC66-0315A68FEBF0}.STAGE|x86.Build.0 = STAGE|Any CPU
		{BDEED416-4251-4792-B013-01CB478F023C}.Debug|Any CPU.ActiveCfg = Debug|Any CPU
		{BDEED416-4251-4792-B013-01CB478F023C}.Debug|Any CPU.Build.0 = Debug|Any CPU
		{BDEED416-4251-4792-B013-01CB478F023C}.Debug|x86.ActiveCfg = Debug|Any CPU
		{BDEED416-4251-4792-B013-01CB478F023C}.Debug|x86.Build.0 = Debug|Any CPU
		{BDEED416-4251-4792-B013-01CB478F023C}.LOCAL|Any CPU.ActiveCfg = LOCAL|Any CPU
		{BDEED416-4251-4792-B013-01CB478F023C}.LOCAL|Any CPU.Build.0 = LOCAL|Any CPU
		{BDEED416-4251-4792-B013-01CB478F023C}.LOCAL|x86.ActiveCfg = LOCAL|Any CPU
		{BDEED416-4251-4792-B013-01CB478F023C}.LOCAL|x86.Build.0 = LOCAL|Any CPU
		{BDEED416-4251-4792-B013-01CB478F023C}.QA|Any CPU.ActiveCfg = QA|Any CPU
		{BDEED416-4251-4792-B013-01CB478F023C}.QA|Any CPU.Build.0 = QA|Any CPU
		{BDEED416-4251-4792-B013-01CB478F023C}.QA|x86.ActiveCfg = QA|Any CPU
		{BDEED416-4251-4792-B013-01CB478F023C}.QA|x86.Build.0 = QA|Any CPU
		{BDEED416-4251-4792-B013-01CB478F023C}.Release|Any CPU.ActiveCfg = Debug|Any CPU
		{BDEED416-4251-4792-B013-01CB478F023C}.Release|Any CPU.Build.0 = Debug|Any CPU
		{BDEED416-4251-4792-B013-01CB478F023C}.Release|x86.ActiveCfg = Debug|Any CPU
		{BDEED416-4251-4792-B013-01CB478F023C}.Release|x86.Build.0 = Debug|Any CPU
		{BDEED416-4251-4792-B013-01CB478F023C}.STAGE|Any CPU.ActiveCfg = STAGE|Any CPU
		{BDEED416-4251-4792-B013-01CB478F023C}.STAGE|Any CPU.Build.0 = STAGE|Any CPU
		{BDEED416-4251-4792-B013-01CB478F023C}.STAGE|x86.ActiveCfg = STAGE|Any CPU
		{BDEED416-4251-4792-B013-01CB478F023C}.STAGE|x86.Build.0 = STAGE|Any CPU
		{90677E93-AC8A-4A7F-A5B8-D17FC5CA0887}.Debug|Any CPU.ActiveCfg = Debug|Any CPU
		{90677E93-AC8A-4A7F-A5B8-D17FC5CA0887}.Debug|Any CPU.Build.0 = Debug|Any CPU
		{90677E93-AC8A-4A7F-A5B8-D17FC5CA0887}.Debug|x86.ActiveCfg = Debug|Any CPU
		{90677E93-AC8A-4A7F-A5B8-D17FC5CA0887}.Debug|x86.Build.0 = Debug|Any CPU
		{90677E93-AC8A-4A7F-A5B8-D17FC5CA0887}.LOCAL|Any CPU.ActiveCfg = LOCAL|Any CPU
		{90677E93-AC8A-4A7F-A5B8-D17FC5CA0887}.LOCAL|Any CPU.Build.0 = LOCAL|Any CPU
		{90677E93-AC8A-4A7F-A5B8-D17FC5CA0887}.LOCAL|x86.ActiveCfg = LOCAL|Any CPU
		{90677E93-AC8A-4A7F-A5B8-D17FC5CA0887}.LOCAL|x86.Build.0 = LOCAL|Any CPU
		{90677E93-AC8A-4A7F-A5B8-D17FC5CA0887}.QA|Any CPU.ActiveCfg = QA|Any CPU
		{90677E93-AC8A-4A7F-A5B8-D17FC5CA0887}.QA|Any CPU.Build.0 = QA|Any CPU
		{90677E93-AC8A-4A7F-A5B8-D17FC5CA0887}.QA|x86.ActiveCfg = QA|Any CPU
		{90677E93-AC8A-4A7F-A5B8-D17FC5CA0887}.QA|x86.Build.0 = QA|Any CPU
		{90677E93-AC8A-4A7F-A5B8-D17FC5CA0887}.Release|Any CPU.ActiveCfg = Debug|Any CPU
		{90677E93-AC8A-4A7F-A5B8-D17FC5CA0887}.Release|Any CPU.Build.0 = Debug|Any CPU
		{90677E93-AC8A-4A7F-A5B8-D17FC5CA0887}.Release|x86.ActiveCfg = Debug|Any CPU
		{90677E93-AC8A-4A7F-A5B8-D17FC5CA0887}.Release|x86.Build.0 = Debug|Any CPU
		{90677E93-AC8A-4A7F-A5B8-D17FC5CA0887}.STAGE|Any CPU.ActiveCfg = STAGE|Any CPU
		{90677E93-AC8A-4A7F-A5B8-D17FC5CA0887}.STAGE|Any CPU.Build.0 = STAGE|Any CPU
		{90677E93-AC8A-4A7F-A5B8-D17FC5CA0887}.STAGE|x86.ActiveCfg = STAGE|Any CPU
		{90677E93-AC8A-4A7F-A5B8-D17FC5CA0887}.STAGE|x86.Build.0 = STAGE|Any CPU
		{EE5D616F-4290-4D43-921C-57EFF88B2193}.Debug|Any CPU.ActiveCfg = Debug|Any CPU
		{EE5D616F-4290-4D43-921C-57EFF88B2193}.Debug|Any CPU.Build.0 = Debug|Any CPU
		{EE5D616F-4290-4D43-921C-57EFF88B2193}.Debug|x86.ActiveCfg = Debug|Any CPU
		{EE5D616F-4290-4D43-921C-57EFF88B2193}.Debug|x86.Build.0 = Debug|Any CPU
		{EE5D616F-4290-4D43-921C-57EFF88B2193}.LOCAL|Any CPU.ActiveCfg = LOCAL|Any CPU
		{EE5D616F-4290-4D43-921C-57EFF88B2193}.LOCAL|Any CPU.Build.0 = LOCAL|Any CPU
		{EE5D616F-4290-4D43-921C-57EFF88B2193}.LOCAL|x86.ActiveCfg = LOCAL|Any CPU
		{EE5D616F-4290-4D43-921C-57EFF88B2193}.LOCAL|x86.Build.0 = LOCAL|Any CPU
		{EE5D616F-4290-4D43-921C-57EFF88B2193}.QA|Any CPU.ActiveCfg = QA|Any CPU
		{EE5D616F-4290-4D43-921C-57EFF88B2193}.QA|Any CPU.Build.0 = QA|Any CPU
		{EE5D616F-4290-4D43-921C-57EFF88B2193}.QA|x86.ActiveCfg = QA|Any CPU
		{EE5D616F-4290-4D43-921C-57EFF88B2193}.QA|x86.Build.0 = QA|Any CPU
		{EE5D616F-4290-4D43-921C-57EFF88B2193}.Release|Any CPU.ActiveCfg = Debug|Any CPU
		{EE5D616F-4290-4D43-921C-57EFF88B2193}.Release|Any CPU.Build.0 = Debug|Any CPU
		{EE5D616F-4290-4D43-921C-57EFF88B2193}.Release|x86.ActiveCfg = Debug|Any CPU
		{EE5D616F-4290-4D43-921C-57EFF88B2193}.Release|x86.Build.0 = Debug|Any CPU
		{EE5D616F-4290-4D43-921C-57EFF88B2193}.STAGE|Any CPU.ActiveCfg = STAGE|Any CPU
		{EE5D616F-4290-4D43-921C-57EFF88B2193}.STAGE|Any CPU.Build.0 = STAGE|Any CPU
		{EE5D616F-4290-4D43-921C-57EFF88B2193}.STAGE|x86.ActiveCfg = STAGE|Any CPU
		{EE5D616F-4290-4D43-921C-57EFF88B2193}.STAGE|x86.Build.0 = STAGE|Any CPU
		{2EE158EE-95E0-42D9-9627-0966069F173A}.Debug|Any CPU.ActiveCfg = Debug|Any CPU
		{2EE158EE-95E0-42D9-9627-0966069F173A}.Debug|Any CPU.Build.0 = Debug|Any CPU
		{2EE158EE-95E0-42D9-9627-0966069F173A}.Debug|x86.ActiveCfg = Debug|Any CPU
		{2EE158EE-95E0-42D9-9627-0966069F173A}.Debug|x86.Build.0 = Debug|Any CPU
		{2EE158EE-95E0-42D9-9627-0966069F173A}.LOCAL|Any CPU.ActiveCfg = LOCAL|Any CPU
		{2EE158EE-95E0-42D9-9627-0966069F173A}.LOCAL|Any CPU.Build.0 = LOCAL|Any CPU
		{2EE158EE-95E0-42D9-9627-0966069F173A}.LOCAL|x86.ActiveCfg = LOCAL|Any CPU
		{2EE158EE-95E0-42D9-9627-0966069F173A}.LOCAL|x86.Build.0 = LOCAL|Any CPU
		{2EE158EE-95E0-42D9-9627-0966069F173A}.QA|Any CPU.ActiveCfg = QA|Any CPU
		{2EE158EE-95E0-42D9-9627-0966069F173A}.QA|Any CPU.Build.0 = QA|Any CPU
		{2EE158EE-95E0-42D9-9627-0966069F173A}.QA|x86.ActiveCfg = QA|Any CPU
		{2EE158EE-95E0-42D9-9627-0966069F173A}.QA|x86.Build.0 = QA|Any CPU
		{2EE158EE-95E0-42D9-9627-0966069F173A}.Release|Any CPU.ActiveCfg = Debug|Any CPU
		{2EE158EE-95E0-42D9-9627-0966069F173A}.Release|Any CPU.Build.0 = Debug|Any CPU
		{2EE158EE-95E0-42D9-9627-0966069F173A}.Release|x86.ActiveCfg = Debug|Any CPU
		{2EE158EE-95E0-42D9-9627-0966069F173A}.Release|x86.Build.0 = Debug|Any CPU
		{2EE158EE-95E0-42D9-9627-0966069F173A}.STAGE|Any CPU.ActiveCfg = STAGE|Any CPU
		{2EE158EE-95E0-42D9-9627-0966069F173A}.STAGE|Any CPU.Build.0 = STAGE|Any CPU
		{2EE158EE-95E0-42D9-9627-0966069F173A}.STAGE|x86.ActiveCfg = STAGE|Any CPU
		{2EE158EE-95E0-42D9-9627-0966069F173A}.STAGE|x86.Build.0 = STAGE|Any CPU
		{568327CA-0406-4C4A-AF9A-AC57BC21FAD2}.Debug|Any CPU.ActiveCfg = DEBUG|Any CPU
		{568327CA-0406-4C4A-AF9A-AC57BC21FAD2}.Debug|Any CPU.Build.0 = DEBUG|Any CPU
		{568327CA-0406-4C4A-AF9A-AC57BC21FAD2}.Debug|x86.ActiveCfg = DEBUG|Any CPU
		{568327CA-0406-4C4A-AF9A-AC57BC21FAD2}.Debug|x86.Build.0 = DEBUG|Any CPU
		{568327CA-0406-4C4A-AF9A-AC57BC21FAD2}.LOCAL|Any CPU.ActiveCfg = LOCAL|Any CPU
		{568327CA-0406-4C4A-AF9A-AC57BC21FAD2}.LOCAL|Any CPU.Build.0 = LOCAL|Any CPU
		{568327CA-0406-4C4A-AF9A-AC57BC21FAD2}.LOCAL|x86.ActiveCfg = LOCAL|Any CPU
		{568327CA-0406-4C4A-AF9A-AC57BC21FAD2}.LOCAL|x86.Build.0 = LOCAL|Any CPU
		{568327CA-0406-4C4A-AF9A-AC57BC21FAD2}.QA|Any CPU.ActiveCfg = QA|Any CPU
		{568327CA-0406-4C4A-AF9A-AC57BC21FAD2}.QA|Any CPU.Build.0 = QA|Any CPU
		{568327CA-0406-4C4A-AF9A-AC57BC21FAD2}.QA|x86.ActiveCfg = QA|Any CPU
		{568327CA-0406-4C4A-AF9A-AC57BC21FAD2}.QA|x86.Build.0 = QA|Any CPU
		{568327CA-0406-4C4A-AF9A-AC57BC21FAD2}.Release|Any CPU.ActiveCfg = DEBUG|Any CPU
		{568327CA-0406-4C4A-AF9A-AC57BC21FAD2}.Release|Any CPU.Build.0 = DEBUG|Any CPU
		{568327CA-0406-4C4A-AF9A-AC57BC21FAD2}.Release|x86.ActiveCfg = DEBUG|Any CPU
		{568327CA-0406-4C4A-AF9A-AC57BC21FAD2}.Release|x86.Build.0 = DEBUG|Any CPU
		{568327CA-0406-4C4A-AF9A-AC57BC21FAD2}.STAGE|Any CPU.ActiveCfg = STAGE|Any CPU
		{568327CA-0406-4C4A-AF9A-AC57BC21FAD2}.STAGE|Any CPU.Build.0 = STAGE|Any CPU
		{568327CA-0406-4C4A-AF9A-AC57BC21FAD2}.STAGE|x86.ActiveCfg = STAGE|Any CPU
		{568327CA-0406-4C4A-AF9A-AC57BC21FAD2}.STAGE|x86.Build.0 = STAGE|Any CPU
	EndGlobalSection
	GlobalSection(SolutionProperties) = preSolution
		HideSolutionNode = FALSE
	EndGlobalSection
	GlobalSection(NestedProjects) = preSolution
		{CF0A4E25-7C2E-46A6-AC4E-6F21F7C8B109} = {BB84CC10-767E-4D6C-A3D9-07283AB1192A}
		{D72F0652-1087-465A-A386-2C68DB910FAE} = {BB84CC10-767E-4D6C-A3D9-07283AB1192A}
		{F76EE504-5999-4EDE-937B-2E2E4B4DC4F1} = {BB84CC10-767E-4D6C-A3D9-07283AB1192A}
		{BB8518B8-874A-47F3-BC66-0315A68FEBF0} = {BB84CC10-767E-4D6C-A3D9-07283AB1192A}
		{BDEED416-4251-4792-B013-01CB478F023C} = {BB84CC10-767E-4D6C-A3D9-07283AB1192A}
		{90677E93-AC8A-4A7F-A5B8-D17FC5CA0887} = {BB84CC10-767E-4D6C-A3D9-07283AB1192A}
		{EE5D616F-4290-4D43-921C-57EFF88B2193} = {BB84CC10-767E-4D6C-A3D9-07283AB1192A}
		{2EE158EE-95E0-42D9-9627-0966069F173A} = {BB84CC10-767E-4D6C-A3D9-07283AB1192A}
		{568327CA-0406-4C4A-AF9A-AC57BC21FAD2} = {BB84CC10-767E-4D6C-A3D9-07283AB1192A}
	EndGlobalSection
	GlobalSection(ExtensibilityGlobals) = postSolution
		SolutionGuid = {CC2C7B35-2735-42AB-879C-D310FC9B6544}
	EndGlobalSection
EndGlobal
